// !$*UTF8*$!
{
	archiveVersion = 1;
	classes = {
	};
	objectVersion = 50;
	objects = {

/* Begin PBXBuildFile section */
		94EF630D23476D2500C9B5D4 /* AppDelegate.swift in Sources */ = {isa = PBXBuildFile; fileRef = 94EF630C23476D2500C9B5D4 /* AppDelegate.swift */; };
		94EF630F23476D2500C9B5D4 /* SceneDelegate.swift in Sources */ = {isa = PBXBuildFile; fileRef = 94EF630E23476D2500C9B5D4 /* SceneDelegate.swift */; };
		94EF631123476D2500C9B5D4 /* ViewController.swift in Sources */ = {isa = PBXBuildFile; fileRef = 94EF631023476D2500C9B5D4 /* ViewController.swift */; };
		94EF631423476D2500C9B5D4 /* Main.storyboard in Resources */ = {isa = PBXBuildFile; fileRef = 94EF631223476D2500C9B5D4 /* Main.storyboard */; };
		94EF631623476D2900C9B5D4 /* Assets.xcassets in Resources */ = {isa = PBXBuildFile; fileRef = 94EF631523476D2900C9B5D4 /* Assets.xcassets */; };
		94EF631923476D2900C9B5D4 /* LaunchScreen.storyboard in Resources */ = {isa = PBXBuildFile; fileRef = 94EF631723476D2900C9B5D4 /* LaunchScreen.storyboard */; };
		94EF632423476D2900C9B5D4 /* CollaborateTests.swift in Sources */ = {isa = PBXBuildFile; fileRef = 94EF632323476D2900C9B5D4 /* CollaborateTests.swift */; };
/* End PBXBuildFile section */

/* Begin PBXContainerItemProxy section */
		94EF632023476D2900C9B5D4 /* PBXContainerItemProxy */ = {
			isa = PBXContainerItemProxy;
			containerPortal = 94EF630123476D2500C9B5D4 /* Project object */;
			proxyType = 1;
			remoteGlobalIDString = 94EF630823476D2500C9B5D4;
			remoteInfo = Collaborate;
		};
/* End PBXContainerItemProxy section */

/* Begin PBXFileReference section */
		94EF630923476D2500C9B5D4 /* Collaborate.app */ = {isa = PBXFileReference; explicitFileType = wrapper.application; includeInIndex = 0; path = Collaborate.app; sourceTree = BUILT_PRODUCTS_DIR; };
		94EF630C23476D2500C9B5D4 /* AppDelegate.swift */ = {isa = PBXFileReference; lastKnownFileType = sourcecode.swift; path = AppDelegate.swift; sourceTree = "<group>"; };
		94EF630E23476D2500C9B5D4 /* SceneDelegate.swift */ = {isa = PBXFileReference; lastKnownFileType = sourcecode.swift; path = SceneDelegate.swift; sourceTree = "<group>"; };
		94EF631023476D2500C9B5D4 /* ViewController.swift */ = {isa = PBXFileReference; lastKnownFileType = sourcecode.swift; path = ViewController.swift; sourceTree = "<group>"; };
		94EF631323476D2500C9B5D4 /* Base */ = {isa = PBXFileReference; lastKnownFileType = file.storyboard; name = Base; path = Base.lproj/Main.storyboard; sourceTree = "<group>"; };
		94EF631523476D2900C9B5D4 /* Assets.xcassets */ = {isa = PBXFileReference; lastKnownFileType = folder.assetcatalog; path = Assets.xcassets; sourceTree = "<group>"; };
		94EF631823476D2900C9B5D4 /* Base */ = {isa = PBXFileReference; lastKnownFileType = file.storyboard; name = Base; path = Base.lproj/LaunchScreen.storyboard; sourceTree = "<group>"; };
		94EF631A23476D2900C9B5D4 /* Info.plist */ = {isa = PBXFileReference; lastKnownFileType = text.plist.xml; path = Info.plist; sourceTree = "<group>"; };
		94EF631F23476D2900C9B5D4 /* CollaborateTests.xctest */ = {isa = PBXFileReference; explicitFileType = wrapper.cfbundle; includeInIndex = 0; path = CollaborateTests.xctest; sourceTree = BUILT_PRODUCTS_DIR; };
		94EF632323476D2900C9B5D4 /* CollaborateTests.swift */ = {isa = PBXFileReference; lastKnownFileType = sourcecode.swift; path = CollaborateTests.swift; sourceTree = "<group>"; };
		94EF632523476D2900C9B5D4 /* Info.plist */ = {isa = PBXFileReference; lastKnownFileType = text.plist.xml; path = Info.plist; sourceTree = "<group>"; };
/* End PBXFileReference section */

/* Begin PBXFrameworksBuildPhase section */
		94EF630623476D2500C9B5D4 /* Frameworks */ = {
			isa = PBXFrameworksBuildPhase;
			buildActionMask = 2147483647;
			files = (
			);
			runOnlyForDeploymentPostprocessing = 0;
		};
		94EF631C23476D2900C9B5D4 /* Frameworks */ = {
			isa = PBXFrameworksBuildPhase;
			buildActionMask = 2147483647;
			files = (
			);
			runOnlyForDeploymentPostprocessing = 0;
		};
/* End PBXFrameworksBuildPhase section */

/* Begin PBXGroup section */
		94EF630023476D2500C9B5D4 = {
			isa = PBXGroup;
			children = (
				94EF630B23476D2500C9B5D4 /* Collaborate */,
				94EF632223476D2900C9B5D4 /* CollaborateTests */,
				94EF630A23476D2500C9B5D4 /* Products */,
			);
			sourceTree = "<group>";
		};
		94EF630A23476D2500C9B5D4 /* Products */ = {
			isa = PBXGroup;
			children = (
				94EF630923476D2500C9B5D4 /* Collaborate.app */,
				94EF631F23476D2900C9B5D4 /* CollaborateTests.xctest */,
			);
			name = Products;
			sourceTree = "<group>";
		};
		94EF630B23476D2500C9B5D4 /* Collaborate */ = {
			isa = PBXGroup;
			children = (
				94EF630C23476D2500C9B5D4 /* AppDelegate.swift */,
				94EF630E23476D2500C9B5D4 /* SceneDelegate.swift */,
				94EF631023476D2500C9B5D4 /* ViewController.swift */,
				94EF631223476D2500C9B5D4 /* Main.storyboard */,
				94EF631523476D2900C9B5D4 /* Assets.xcassets */,
				94EF631723476D2900C9B5D4 /* LaunchScreen.storyboard */,
				94EF631A23476D2900C9B5D4 /* Info.plist */,
			);
			path = Collaborate;
			sourceTree = "<group>";
		};
		94EF632223476D2900C9B5D4 /* CollaborateTests */ = {
			isa = PBXGroup;
			children = (
				94EF632323476D2900C9B5D4 /* CollaborateTests.swift */,
				94EF632523476D2900C9B5D4 /* Info.plist */,
			);
			path = CollaborateTests;
			sourceTree = "<group>";
		};
/* End PBXGroup section */

/* Begin PBXNativeTarget section */
		94EF630823476D2500C9B5D4 /* Collaborate */ = {
			isa = PBXNativeTarget;
			buildConfigurationList = 94EF632823476D2900C9B5D4 /* Build configuration list for PBXNativeTarget "Collaborate" */;
			buildPhases = (
				94EF630523476D2500C9B5D4 /* Sources */,
				94EF630623476D2500C9B5D4 /* Frameworks */,
				94EF630723476D2500C9B5D4 /* Resources */,
			);
			buildRules = (
			);
			dependencies = (
			);
			name = Collaborate;
			productName = Collaborate;
			productReference = 94EF630923476D2500C9B5D4 /* Collaborate.app */;
			productType = "com.apple.product-type.application";
		};
		94EF631E23476D2900C9B5D4 /* CollaborateTests */ = {
			isa = PBXNativeTarget;
			buildConfigurationList = 94EF632B23476D2900C9B5D4 /* Build configuration list for PBXNativeTarget "CollaborateTests" */;
			buildPhases = (
				94EF631B23476D2900C9B5D4 /* Sources */,
				94EF631C23476D2900C9B5D4 /* Frameworks */,
				94EF631D23476D2900C9B5D4 /* Resources */,
			);
			buildRules = (
			);
			dependencies = (
				94EF632123476D2900C9B5D4 /* PBXTargetDependency */,
			);
			name = CollaborateTests;
			productName = CollaborateTests;
			productReference = 94EF631F23476D2900C9B5D4 /* CollaborateTests.xctest */;
			productType = "com.apple.product-type.bundle.unit-test";
		};
/* End PBXNativeTarget section */

/* Begin PBXProject section */
		94EF630123476D2500C9B5D4 /* Project object */ = {
			isa = PBXProject;
			attributes = {
				LastSwiftUpdateCheck = 1100;
				LastUpgradeCheck = 1100;
				ORGANIZATIONNAME = "Guowei Mo";
				TargetAttributes = {
					94EF630823476D2500C9B5D4 = {
						CreatedOnToolsVersion = 11.0;
					};
					94EF631E23476D2900C9B5D4 = {
						CreatedOnToolsVersion = 11.0;
						TestTargetID = 94EF630823476D2500C9B5D4;
					};
				};
			};
			buildConfigurationList = 94EF630423476D2500C9B5D4 /* Build configuration list for PBXProject "Collaborate" */;
			compatibilityVersion = "Xcode 9.3";
			developmentRegion = en;
			hasScannedForEncodings = 0;
			knownRegions = (
				en,
				Base,
			);
			mainGroup = 94EF630023476D2500C9B5D4;
			productRefGroup = 94EF630A23476D2500C9B5D4 /* Products */;
			projectDirPath = "";
			projectRoot = "";
			targets = (
				94EF630823476D2500C9B5D4 /* Collaborate */,
				94EF631E23476D2900C9B5D4 /* CollaborateTests */,
			);
		};
/* End PBXProject section */

/* Begin PBXResourcesBuildPhase section */
		94EF630723476D2500C9B5D4 /* Resources */ = {
			isa = PBXResourcesBuildPhase;
			buildActionMask = 2147483647;
			files = (
				94EF631923476D2900C9B5D4 /* LaunchScreen.storyboard in Resources */,
				94EF631623476D2900C9B5D4 /* Assets.xcassets in Resources */,
				94EF631423476D2500C9B5D4 /* Main.storyboard in Resources */,
			);
			runOnlyForDeploymentPostprocessing = 0;
		};
		94EF631D23476D2900C9B5D4 /* Resources */ = {
			isa = PBXResourcesBuildPhase;
			buildActionMask = 2147483647;
			files = (
			);
			runOnlyForDeploymentPostprocessing = 0;
		};
/* End PBXResourcesBuildPhase section */

/* Begin PBXSourcesBuildPhase section */
		94EF630523476D2500C9B5D4 /* Sources */ = {
			isa = PBXSourcesBuildPhase;
			buildActionMask = 2147483647;
			files = (
				94EF631123476D2500C9B5D4 /* ViewController.swift in Sources */,
				94EF630D23476D2500C9B5D4 /* AppDelegate.swift in Sources */,
				94EF630F23476D2500C9B5D4 /* SceneDelegate.swift in Sources */,
			);
			runOnlyForDeploymentPostprocessing = 0;
		};
		94EF631B23476D2900C9B5D4 /* Sources */ = {
			isa = PBXSourcesBuildPhase;
			buildActionMask = 2147483647;
			files = (
				94EF632423476D2900C9B5D4 /* CollaborateTests.swift in Sources */,
			);
			runOnlyForDeploymentPostprocessing = 0;
		};
/* End PBXSourcesBuildPhase section */

/* Begin PBXTargetDependency section */
		94EF632123476D2900C9B5D4 /* PBXTargetDependency */ = {
			isa = PBXTargetDependency;
			target = 94EF630823476D2500C9B5D4 /* Collaborate */;
			targetProxy = 94EF632023476D2900C9B5D4 /* PBXContainerItemProxy */;
		};
/* End PBXTargetDependency section */

/* Begin PBXVariantGroup section */
		94EF631223476D2500C9B5D4 /* Main.storyboard */ = {
			isa = PBXVariantGroup;
			children = (
				94EF631323476D2500C9B5D4 /* Base */,
			);
			name = Main.storyboard;
			sourceTree = "<group>";
		};
		94EF631723476D2900C9B5D4 /* LaunchScreen.storyboard */ = {
			isa = PBXVariantGroup;
			children = (
				94EF631823476D2900C9B5D4 /* Base */,
			);
			name = LaunchScreen.storyboard;
			sourceTree = "<group>";
		};
/* End PBXVariantGroup section */

/* Begin XCBuildConfiguration section */
		94EF632623476D2900C9B5D4 /* Debug */ = {
			isa = XCBuildConfiguration;
			buildSettings = {
				ALWAYS_SEARCH_USER_PATHS = NO;
				CLANG_ANALYZER_NONNULL = YES;
				CLANG_ANALYZER_NUMBER_OBJECT_CONVERSION = YES_AGGRESSIVE;
				CLANG_CXX_LANGUAGE_STANDARD = "gnu++14";
				CLANG_CXX_LIBRARY = "libc++";
				CLANG_ENABLE_MODULES = YES;
				CLANG_ENABLE_OBJC_ARC = YES;
				CLANG_ENABLE_OBJC_WEAK = YES;
				CLANG_WARN_BLOCK_CAPTURE_AUTORELEASING = YES;
				CLANG_WARN_BOOL_CONVERSION = YES;
				CLANG_WARN_COMMA = YES;
				CLANG_WARN_CONSTANT_CONVERSION = YES;
				CLANG_WARN_DEPRECATED_OBJC_IMPLEMENTATIONS = YES;
				CLANG_WARN_DIRECT_OBJC_ISA_USAGE = YES_ERROR;
				CLANG_WARN_DOCUMENTATION_COMMENTS = YES;
				CLANG_WARN_EMPTY_BODY = YES;
				CLANG_WARN_ENUM_CONVERSION = YES;
				CLANG_WARN_INFINITE_RECURSION = YES;
				CLANG_WARN_INT_CONVERSION = YES;
				CLANG_WARN_NON_LITERAL_NULL_CONVERSION = YES;
				CLANG_WARN_OBJC_IMPLICIT_RETAIN_SELF = YES;
				CLANG_WARN_OBJC_LITERAL_CONVERSION = YES;
				CLANG_WARN_OBJC_ROOT_CLASS = YES_ERROR;
				CLANG_WARN_RANGE_LOOP_ANALYSIS = YES;
				CLANG_WARN_STRICT_PROTOTYPES = YES;
				CLANG_WARN_SUSPICIOUS_MOVE = YES;
				CLANG_WARN_UNGUARDED_AVAILABILITY = YES_AGGRESSIVE;
				CLANG_WARN_UNREACHABLE_CODE = YES;
				CLANG_WARN__DUPLICATE_METHOD_MATCH = YES;
				COPY_PHASE_STRIP = NO;
				DEBUG_INFORMATION_FORMAT = dwarf;
				ENABLE_STRICT_OBJC_MSGSEND = YES;
				ENABLE_TESTABILITY = YES;
				GCC_C_LANGUAGE_STANDARD = gnu11;
				GCC_DYNAMIC_NO_PIC = NO;
				GCC_NO_COMMON_BLOCKS = YES;
				GCC_OPTIMIZATION_LEVEL = 0;
				GCC_PREPROCESSOR_DEFINITIONS = (
					"DEBUG=1",
					"$(inherited)",
				);
				GCC_WARN_64_TO_32_BIT_CONVERSION = YES;
				GCC_WARN_ABOUT_RETURN_TYPE = YES_ERROR;
				GCC_WARN_UNDECLARED_SELECTOR = YES;
				GCC_WARN_UNINITIALIZED_AUTOS = YES_AGGRESSIVE;
				GCC_WARN_UNUSED_FUNCTION = YES;
				GCC_WARN_UNUSED_VARIABLE = YES;
				IPHONEOS_DEPLOYMENT_TARGET = 13.0;
				MTL_ENABLE_DEBUG_INFO = INCLUDE_SOURCE;
				MTL_FAST_MATH = YES;
				ONLY_ACTIVE_ARCH = YES;
				SDKROOT = iphoneos;
				SWIFT_ACTIVE_COMPILATION_CONDITIONS = DEBUG;
				SWIFT_OPTIMIZATION_LEVEL = "-Onone";
			};
			name = Debug;
		};
		94EF632723476D2900C9B5D4 /* Release */ = {
			isa = XCBuildConfiguration;
			buildSettings = {
				ALWAYS_SEARCH_USER_PATHS = NO;
				CLANG_ANALYZER_NONNULL = YES;
				CLANG_ANALYZER_NUMBER_OBJECT_CONVERSION = YES_AGGRESSIVE;
				CLANG_CXX_LANGUAGE_STANDARD = "gnu++14";
				CLANG_CXX_LIBRARY = "libc++";
				CLANG_ENABLE_MODULES = YES;
				CLANG_ENABLE_OBJC_ARC = YES;
				CLANG_ENABLE_OBJC_WEAK = YES;
				CLANG_WARN_BLOCK_CAPTURE_AUTORELEASING = YES;
				CLANG_WARN_BOOL_CONVERSION = YES;
				CLANG_WARN_COMMA = YES;
				CLANG_WARN_CONSTANT_CONVERSION = YES;
				CLANG_WARN_DEPRECATED_OBJC_IMPLEMENTATIONS = YES;
				CLANG_WARN_DIRECT_OBJC_ISA_USAGE = YES_ERROR;
				CLANG_WARN_DOCUMENTATION_COMMENTS = YES;
				CLANG_WARN_EMPTY_BODY = YES;
				CLANG_WARN_ENUM_CONVERSION = YES;
				CLANG_WARN_INFINITE_RECURSION = YES;
				CLANG_WARN_INT_CONVERSION = YES;
				CLANG_WARN_NON_LITERAL_NULL_CONVERSION = YES;
				CLANG_WARN_OBJC_IMPLICIT_RETAIN_SELF = YES;
				CLANG_WARN_OBJC_LITERAL_CONVERSION = YES;
				CLANG_WARN_OBJC_ROOT_CLASS = YES_ERROR;
				CLANG_WARN_RANGE_LOOP_ANALYSIS = YES;
				CLANG_WARN_STRICT_PROTOTYPES = YES;
				CLANG_WARN_SUSPICIOUS_MOVE = YES;
				CLANG_WARN_UNGUARDED_AVAILABILITY = YES_AGGRESSIVE;
				CLANG_WARN_UNREACHABLE_CODE = YES;
				CLANG_WARN__DUPLICATE_METHOD_MATCH = YES;
				COPY_PHASE_STRIP = NO;
				DEBUG_INFORMATION_FORMAT = "dwarf-with-dsym";
				ENABLE_NS_ASSERTIONS = NO;
				ENABLE_STRICT_OBJC_MSGSEND = YES;
				GCC_C_LANGUAGE_STANDARD = gnu11;
				GCC_NO_COMMON_BLOCKS = YES;
				GCC_WARN_64_TO_32_BIT_CONVERSION = YES;
				GCC_WARN_ABOUT_RETURN_TYPE = YES_ERROR;
				GCC_WARN_UNDECLARED_SELECTOR = YES;
				GCC_WARN_UNINITIALIZED_AUTOS = YES_AGGRESSIVE;
				GCC_WARN_UNUSED_FUNCTION = YES;
				GCC_WARN_UNUSED_VARIABLE = YES;
				IPHONEOS_DEPLOYMENT_TARGET = 13.0;
				MTL_ENABLE_DEBUG_INFO = NO;
				MTL_FAST_MATH = YES;
				SDKROOT = iphoneos;
				SWIFT_COMPILATION_MODE = wholemodule;
				SWIFT_OPTIMIZATION_LEVEL = "-O";
				VALIDATE_PRODUCT = YES;
			};
			name = Release;
		};
		94EF632923476D2900C9B5D4 /* Debug */ = {
			isa = XCBuildConfiguration;
			buildSettings = {
				ASSETCATALOG_COMPILER_APPICON_NAME = AppIcon;
				CODE_SIGN_STYLE = Automatic;
				INFOPLIST_FILE = Collaborate/Info.plist;
				LD_RUNPATH_SEARCH_PATHS = (
					"$(inherited)",
					"@executable_path/Frameworks",
				);
				PRODUCT_BUNDLE_IDENTIFIER = com.mix.Collaborate;
				PRODUCT_NAME = "$(TARGET_NAME)";
				SWIFT_VERSION = 5.0;
				TARGETED_DEVICE_FAMILY = "1,2";
			};
			name = Debug;
		};
		94EF632A23476D2900C9B5D4 /* Release */ = {
			isa = XCBuildConfiguration;
			buildSettings = {
				ASSETCATALOG_COMPILER_APPICON_NAME = AppIcon;
				CODE_SIGN_STYLE = Automatic;
				INFOPLIST_FILE = Collaborate/Info.plist;
				LD_RUNPATH_SEARCH_PATHS = (
					"$(inherited)",
					"@executable_path/Frameworks",
				);
				PRODUCT_BUNDLE_IDENTIFIER = com.mix.Collaborate;
				PRODUCT_NAME = "$(TARGET_NAME)";
				SWIFT_VERSION = 5.0;
				TARGETED_DEVICE_FAMILY = "1,2";
			};
			name = Release;
		};
		94EF632C23476D2900C9B5D4 /* Debug */ = {
			isa = XCBuildConfiguration;
			buildSettings = {
				ALWAYS_EMBED_SWIFT_STANDARD_LIBRARIES = YES;
				BUNDLE_LOADER = "$(TEST_HOST)";
				CODE_SIGN_STYLE = Automatic;
				INFOPLIST_FILE = CollaborateTests/Info.plist;
				IPHONEOS_DEPLOYMENT_TARGET = 13.0;
				LD_RUNPATH_SEARCH_PATHS = (
					"$(inherited)",
					"@executable_path/Frameworks",
					"@loader_path/Frameworks",
				);
				PRODUCT_BUNDLE_IDENTIFIER = com.mix.CollaborateTests;
				PRODUCT_NAME = "$(TARGET_NAME)";
				SWIFT_VERSION = 5.0;
				TARGETED_DEVICE_FAMILY = "1,2";
				TEST_HOST = "$(BUILT_PRODUCTS_DIR)/Collaborate.app/Collaborate";
			};
			name = Debug;
		};
		94EF632D23476D2900C9B5D4 /* Release */ = {
			isa = XCBuildConfiguration;
			buildSettings = {
				ALWAYS_EMBED_SWIFT_STANDARD_LIBRARIES = YES;
				BUNDLE_LOADER = "$(TEST_HOST)";
				CODE_SIGN_STYLE = Automatic;
				INFOPLIST_FILE = CollaborateTests/Info.plist;
				IPHONEOS_DEPLOYMENT_TARGET = 13.0;
				LD_RUNPATH_SEARCH_PATHS = (
					"$(inherited)",
					"@executable_path/Frameworks",
					"@loader_path/Frameworks",
				);
				PRODUCT_BUNDLE_IDENTIFIER = com.mix.CollaborateTests;
				PRODUCT_NAME = "$(TARGET_NAME)";
				SWIFT_VERSION = 5.0;
				TARGETED_DEVICE_FAMILY = "1,2";
				TEST_HOST = "$(BUILT_PRODUCTS_DIR)/Collaborate.app/Collaborate";
			};
			name = Release;
		};
/* End XCBuildConfiguration section */

/* Begin XCConfigurationList section */
		94EF630423476D2500C9B5D4 /* Build configuration list for PBXProject "Collaborate" */ = {
			isa = XCConfigurationList;
			buildConfigurations = (
				94EF632623476D2900C9B5D4 /* Debug */,
				94EF632723476D2900C9B5D4 /* Release */,
			);
			defaultConfigurationIsVisible = 0;
			defaultConfigurationName = Release;
		};
		94EF632823476D2900C9B5D4 /* Build configuration list for PBXNativeTarget "Collaborate" */ = {
			isa = XCConfigurationList;
			buildConfigurations = (
				94EF632923476D2900C9B5D4 /* Debug */,
				94EF632A23476D2900C9B5D4 /* Release */,
			);
			defaultConfigurationIsVisible = 0;
			defaultConfigurationName = Release;
		};
		94EF632B23476D2900C9B5D4 /* Build configuration list for PBXNativeTarget "CollaborateTests" */ = {
			isa = XCConfigurationList;
			buildConfigurations = (
				94EF632C23476D2900C9B5D4 /* Debug */,
				94EF632D23476D2900C9B5D4 /* Release */,
			);
			defaultConfigurationIsVisible = 0;
			defaultConfigurationName = Release;
		};
/* End XCConfigurationList section */
	};
	rootObject = 94EF630123476D2500C9B5D4 /* Project object */;
}
